
Microsoft Visual Studio Solution File, Format Version 12.00
# Visual Studio Version 17
VisualStudioVersion = 17.1.31911.260
MinimumVisualStudioVersion = 10.0.40219.1
Project("{FAE04EC0-301F-11D3-BF4B-00C04F79EFBC}") = "Practos", "Practos\Practos.csproj", "{74F0FA7D-C28D-4F3E-9E82-2A1C7BF31235}"
EndProject
Global
	GlobalSection(SolutionConfigurationPlatforms) = preSolution
		Debug|Any CPU = Debug|Any CPU
		Release|Any CPU = Release|Any CPU
	EndGlobalSection
	GlobalSection(ProjectConfigurationPlatforms) = postSolution
		{74F0FA7D-C28D-4F3E-9E82-2A1C7BF31235}.Debug|Any CPU.ActiveCfg = Debug|Any CPU
		{74F0FA7D-C28D-4F3E-9E82-2A1C7BF31235}.Debug|Any CPU.Build.0 = Debug|Any CPU
		{74F0FA7D-C28D-4F3E-9E82-2A1C7BF31235}.Release|Any CPU.ActiveCfg = Release|Any CPU
		{74F0FA7D-C28D-4F3E-9E82-2A1C7BF31235}.Release|Any CPU.Build.0 = Release|Any CPU
	EndGlobalSection
	GlobalSection(SolutionProperties) = preSolution
		HideSolutionNode = FALSE
	EndGlobalSection
	GlobalSection(ExtensibilityGlobals) = postSolution
		SolutionGuid = {23C464D5-03D4-44D3-94F0-49FE0CCEB7F3}
	EndGlobalSection
EndGlobal
